// !$*UTF8*$!
{
	archiveVersion = 1;
	classes = {
	};
	objectVersion = 46;
	objects = {

/* Begin PBXBuildFile section */
		506C623B1DB61366000E5C01 /* StringPadding.framework in Frameworks */ = {isa = PBXBuildFile; fileRef = 506C62311DB61366000E5C01 /* StringPadding.framework */; };
		506C62421DB61366000E5C01 /* StringPadding.h in Headers */ = {isa = PBXBuildFile; fileRef = 506C62341DB61366000E5C01 /* StringPadding.h */; settings = {ATTRIBUTES = (Public, ); }; };
		506C624C1DB61431000E5C01 /* String+Padding.swift in Sources */ = {isa = PBXBuildFile; fileRef = 506C624B1DB61431000E5C01 /* String+Padding.swift */; };
		50FFB1D91DB614B9007A8BD7 /* String+PaddingTests.swift in Sources */ = {isa = PBXBuildFile; fileRef = 50FFB1D81DB614B9007A8BD7 /* String+PaddingTests.swift */; };
/* End PBXBuildFile section */

/* Begin PBXContainerItemProxy section */
		506C623C1DB61366000E5C01 /* PBXContainerItemProxy */ = {
			isa = PBXContainerItemProxy;
			containerPortal = 506C62281DB61366000E5C01 /* Project object */;
			proxyType = 1;
			remoteGlobalIDString = 506C62301DB61366000E5C01;
			remoteInfo = StringPadding;
		};
/* End PBXContainerItemProxy section */

/* Begin PBXFileReference section */
		506C62311DB61366000E5C01 /* StringPadding.framework */ = {isa = PBXFileReference; explicitFileType = wrapper.framework; includeInIndex = 0; path = StringPadding.framework; sourceTree = BUILT_PRODUCTS_DIR; };
		506C62341DB61366000E5C01 /* StringPadding.h */ = {isa = PBXFileReference; lastKnownFileType = sourcecode.c.h; path = StringPadding.h; sourceTree = "<group>"; };
		506C62351DB61366000E5C01 /* Info.plist */ = {isa = PBXFileReference; lastKnownFileType = text.plist.xml; path = Info.plist; sourceTree = "<group>"; };
		506C623A1DB61366000E5C01 /* StringPaddingTests.xctest */ = {isa = PBXFileReference; explicitFileType = wrapper.cfbundle; includeInIndex = 0; path = StringPaddingTests.xctest; sourceTree = BUILT_PRODUCTS_DIR; };
		506C62411DB61366000E5C01 /* Info.plist */ = {isa = PBXFileReference; lastKnownFileType = text.plist.xml; path = Info.plist; sourceTree = "<group>"; };
		506C624B1DB61431000E5C01 /* String+Padding.swift */ = {isa = PBXFileReference; fileEncoding = 4; lastKnownFileType = sourcecode.swift; path = "String+Padding.swift"; sourceTree = "<group>"; };
		50FFB1D81DB614B9007A8BD7 /* String+PaddingTests.swift */ = {isa = PBXFileReference; fileEncoding = 4; lastKnownFileType = sourcecode.swift; path = "String+PaddingTests.swift"; sourceTree = "<group>"; };
		50FFB1DA1DB614FB007A8BD7 /* LICENSE */ = {isa = PBXFileReference; lastKnownFileType = text; path = LICENSE; sourceTree = "<group>"; };
		50FFB1DB1DB614FB007A8BD7 /* README.md */ = {isa = PBXFileReference; lastKnownFileType = net.daringfireball.markdown; path = README.md; sourceTree = "<group>"; };
/* End PBXFileReference section */

/* Begin PBXFrameworksBuildPhase section */
		506C622D1DB61366000E5C01 /* Frameworks */ = {
			isa = PBXFrameworksBuildPhase;
			buildActionMask = 2147483647;
			files = (
			);
			runOnlyForDeploymentPostprocessing = 0;
		};
		506C62371DB61366000E5C01 /* Frameworks */ = {
			isa = PBXFrameworksBuildPhase;
			buildActionMask = 2147483647;
			files = (
				506C623B1DB61366000E5C01 /* StringPadding.framework in Frameworks */,
			);
			runOnlyForDeploymentPostprocessing = 0;
		};
/* End PBXFrameworksBuildPhase section */

/* Begin PBXGroup section */
		506C62271DB61366000E5C01 = {
			isa = PBXGroup;
			children = (
				50FFB1DA1DB614FB007A8BD7 /* LICENSE */,
				50FFB1DB1DB614FB007A8BD7 /* README.md */,
				506C62331DB61366000E5C01 /* StringPadding */,
				506C623E1DB61366000E5C01 /* StringPaddingTests */,
				506C62321DB61366000E5C01 /* Products */,
			);
			sourceTree = "<group>";
		};
		506C62321DB61366000E5C01 /* Products */ = {
			isa = PBXGroup;
			children = (
				506C62311DB61366000E5C01 /* StringPadding.framework */,
				506C623A1DB61366000E5C01 /* StringPaddingTests.xctest */,
			);
			name = Products;
			sourceTree = "<group>";
		};
		506C62331DB61366000E5C01 /* StringPadding */ = {
			isa = PBXGroup;
			children = (
				506C62341DB61366000E5C01 /* StringPadding.h */,
				506C624B1DB61431000E5C01 /* String+Padding.swift */,
				506C62351DB61366000E5C01 /* Info.plist */,
			);
			path = StringPadding;
			sourceTree = "<group>";
		};
		506C623E1DB61366000E5C01 /* StringPaddingTests */ = {
			isa = PBXGroup;
			children = (
				50FFB1D81DB614B9007A8BD7 /* String+PaddingTests.swift */,
				506C62411DB61366000E5C01 /* Info.plist */,
			);
			path = StringPaddingTests;
			sourceTree = "<group>";
		};
/* End PBXGroup section */

/* Begin PBXHeadersBuildPhase section */
		506C622E1DB61366000E5C01 /* Headers */ = {
			isa = PBXHeadersBuildPhase;
			buildActionMask = 2147483647;
			files = (
				506C62421DB61366000E5C01 /* StringPadding.h in Headers */,
			);
			runOnlyForDeploymentPostprocessing = 0;
		};
/* End PBXHeadersBuildPhase section */

/* Begin PBXNativeTarget section */
		506C62301DB61366000E5C01 /* StringPadding */ = {
			isa = PBXNativeTarget;
			buildConfigurationList = 506C62451DB61366000E5C01 /* Build configuration list for PBXNativeTarget "StringPadding" */;
			buildPhases = (
				506C622C1DB61366000E5C01 /* Sources */,
				506C622D1DB61366000E5C01 /* Frameworks */,
				506C622E1DB61366000E5C01 /* Headers */,
				506C622F1DB61366000E5C01 /* Resources */,
			);
			buildRules = (
			);
			dependencies = (
			);
			name = StringPadding;
			productName = StringPadding;
			productReference = 506C62311DB61366000E5C01 /* StringPadding.framework */;
			productType = "com.apple.product-type.framework";
		};
		506C62391DB61366000E5C01 /* StringPaddingTests */ = {
			isa = PBXNativeTarget;
			buildConfigurationList = 506C62481DB61366000E5C01 /* Build configuration list for PBXNativeTarget "StringPaddingTests" */;
			buildPhases = (
				506C62361DB61366000E5C01 /* Sources */,
				506C62371DB61366000E5C01 /* Frameworks */,
				506C62381DB61366000E5C01 /* Resources */,
			);
			buildRules = (
			);
			dependencies = (
				506C623D1DB61366000E5C01 /* PBXTargetDependency */,
			);
			name = StringPaddingTests;
			productName = StringPaddingTests;
			productReference = 506C623A1DB61366000E5C01 /* StringPaddingTests.xctest */;
			productType = "com.apple.product-type.bundle.unit-test";
		};
/* End PBXNativeTarget section */

/* Begin PBXProject section */
		506C62281DB61366000E5C01 /* Project object */ = {
			isa = PBXProject;
			attributes = {
				LastSwiftUpdateCheck = 0800;
				LastUpgradeCheck = 1200;
				ORGANIZATIONNAME = CleanCocoa;
				TargetAttributes = {
					506C62301DB61366000E5C01 = {
						CreatedOnToolsVersion = 8.0;
						LastSwiftMigration = 1020;
						ProvisioningStyle = Automatic;
					};
					506C62391DB61366000E5C01 = {
						CreatedOnToolsVersion = 8.0;
						LastSwiftMigration = 1020;
						ProvisioningStyle = Automatic;
					};
				};
			};
			buildConfigurationList = 506C622B1DB61366000E5C01 /* Build configuration list for PBXProject "StringPadding" */;
			compatibilityVersion = "Xcode 3.2";
			developmentRegion = en;
			hasScannedForEncodings = 0;
			knownRegions = (
				en,
				Base,
			);
			mainGroup = 506C62271DB61366000E5C01;
			productRefGroup = 506C62321DB61366000E5C01 /* Products */;
			projectDirPath = "";
			projectRoot = "";
			targets = (
				506C62301DB61366000E5C01 /* StringPadding */,
				506C62391DB61366000E5C01 /* StringPaddingTests */,
			);
		};
/* End PBXProject section */

/* Begin PBXResourcesBuildPhase section */
		506C622F1DB61366000E5C01 /* Resources */ = {
			isa = PBXResourcesBuildPhase;
			buildActionMask = 2147483647;
			files = (
			);
			runOnlyForDeploymentPostprocessing = 0;
		};
		506C62381DB61366000E5C01 /* Resources */ = {
			isa = PBXResourcesBuildPhase;
			buildActionMask = 2147483647;
			files = (
			);
			runOnlyForDeploymentPostprocessing = 0;
		};
/* End PBXResourcesBuildPhase section */

/* Begin PBXSourcesBuildPhase section */
		506C622C1DB61366000E5C01 /* Sources */ = {
			isa = PBXSourcesBuildPhase;
			buildActionMask = 2147483647;
			files = (
				506C624C1DB61431000E5C01 /* String+Padding.swift in Sources */,
			);
			runOnlyForDeploymentPostprocessing = 0;
		};
		506C62361DB61366000E5C01 /* Sources */ = {
			isa = PBXSourcesBuildPhase;
			buildActionMask = 2147483647;
			files = (
				50FFB1D91DB614B9007A8BD7 /* String+PaddingTests.swift in Sources */,
			);
			runOnlyForDeploymentPostprocessing = 0;
		};
/* End PBXSourcesBuildPhase section */

/* Begin PBXTargetDependency section */
		506C623D1DB61366000E5C01 /* PBXTargetDependency */ = {
			isa = PBXTargetDependency;
			target = 506C62301DB61366000E5C01 /* StringPadding */;
			targetProxy = 506C623C1DB61366000E5C01 /* PBXContainerItemProxy */;
		};
/* End PBXTargetDependency section */

/* Begin XCBuildConfiguration section */
		506C62431DB61366000E5C01 /* Debug */ = {
			isa = XCBuildConfiguration;
			buildSettings = {
				ALWAYS_SEARCH_USER_PATHS = NO;
				CLANG_ANALYZER_LOCALIZABILITY_NONLOCALIZED = YES;
				CLANG_ANALYZER_NONNULL = YES;
				CLANG_CXX_LANGUAGE_STANDARD = "gnu++0x";
				CLANG_CXX_LIBRARY = "libc++";
				CLANG_ENABLE_MODULES = YES;
				CLANG_ENABLE_OBJC_ARC = YES;
				CLANG_WARN_BLOCK_CAPTURE_AUTORELEASING = YES;
				CLANG_WARN_BOOL_CONVERSION = YES;
				CLANG_WARN_COMMA = YES;
				CLANG_WARN_CONSTANT_CONVERSION = YES;
				CLANG_WARN_DEPRECATED_OBJC_IMPLEMENTATIONS = YES;
				CLANG_WARN_DIRECT_OBJC_ISA_USAGE = YES_ERROR;
				CLANG_WARN_DOCUMENTATION_COMMENTS = YES;
				CLANG_WARN_EMPTY_BODY = YES;
				CLANG_WARN_ENUM_CONVERSION = YES;
				CLANG_WARN_INFINITE_RECURSION = YES;
				CLANG_WARN_INT_CONVERSION = YES;
				CLANG_WARN_NON_LITERAL_NULL_CONVERSION = YES;
				CLANG_WARN_OBJC_IMPLICIT_RETAIN_SELF = YES;
				CLANG_WARN_OBJC_LITERAL_CONVERSION = YES;
				CLANG_WARN_OBJC_ROOT_CLASS = YES_ERROR;
				CLANG_WARN_QUOTED_INCLUDE_IN_FRAMEWORK_HEADER = YES;
				CLANG_WARN_RANGE_LOOP_ANALYSIS = YES;
				CLANG_WARN_STRICT_PROTOTYPES = YES;
				CLANG_WARN_SUSPICIOUS_MOVE = YES;
				CLANG_WARN_SUSPICIOUS_MOVES = YES;
				CLANG_WARN_UNREACHABLE_CODE = YES;
				CLANG_WARN__DUPLICATE_METHOD_MATCH = YES;
				CODE_SIGN_IDENTITY = "-";
				COPY_PHASE_STRIP = NO;
				CURRENT_PROJECT_VERSION = 1;
				DEBUG_INFORMATION_FORMAT = dwarf;
				ENABLE_STRICT_OBJC_MSGSEND = YES;
				ENABLE_TESTABILITY = YES;
				GCC_C_LANGUAGE_STANDARD = gnu99;
				GCC_DYNAMIC_NO_PIC = NO;
				GCC_NO_COMMON_BLOCKS = YES;
				GCC_OPTIMIZATION_LEVEL = 0;
				GCC_PREPROCESSOR_DEFINITIONS = (
					"DEBUG=1",
					"$(inherited)",
				);
				GCC_WARN_64_TO_32_BIT_CONVERSION = YES;
				GCC_WARN_ABOUT_RETURN_TYPE = YES_ERROR;
				GCC_WARN_UNDECLARED_SELECTOR = YES;
				GCC_WARN_UNINITIALIZED_AUTOS = YES_AGGRESSIVE;
				GCC_WARN_UNUSED_FUNCTION = YES;
				GCC_WARN_UNUSED_VARIABLE = YES;
				MACOSX_DEPLOYMENT_TARGET = 10.09;
				MTL_ENABLE_DEBUG_INFO = YES;
				ONLY_ACTIVE_ARCH = YES;
				SDKROOT = macosx;
				SWIFT_ACTIVE_COMPILATION_CONDITIONS = DEBUG;
				SWIFT_OPTIMIZATION_LEVEL = "-Onone";
				VERSIONING_SYSTEM = "apple-generic";
				VERSION_INFO_PREFIX = "";
			};
			name = Debug;
		};
		506C62441DB61366000E5C01 /* Release */ = {
			isa = XCBuildConfiguration;
			buildSettings = {
				ALWAYS_SEARCH_USER_PATHS = NO;
				CLANG_ANALYZER_LOCALIZABILITY_NONLOCALIZED = YES;
				CLANG_ANALYZER_NONNULL = YES;
				CLANG_CXX_LANGUAGE_STANDARD = "gnu++0x";
				CLANG_CXX_LIBRARY = "libc++";
				CLANG_ENABLE_MODULES = YES;
				CLANG_ENABLE_OBJC_ARC = YES;
				CLANG_WARN_BLOCK_CAPTURE_AUTORELEASING = YES;
				CLANG_WARN_BOOL_CONVERSION = YES;
				CLANG_WARN_COMMA = YES;
				CLANG_WARN_CONSTANT_CONVERSION = YES;
				CLANG_WARN_DEPRECATED_OBJC_IMPLEMENTATIONS = YES;
				CLANG_WARN_DIRECT_OBJC_ISA_USAGE = YES_ERROR;
				CLANG_WARN_DOCUMENTATION_COMMENTS = YES;
				CLANG_WARN_EMPTY_BODY = YES;
				CLANG_WARN_ENUM_CONVERSION = YES;
				CLANG_WARN_INFINITE_RECURSION = YES;
				CLANG_WARN_INT_CONVERSION = YES;
				CLANG_WARN_NON_LITERAL_NULL_CONVERSION = YES;
				CLANG_WARN_OBJC_IMPLICIT_RETAIN_SELF = YES;
				CLANG_WARN_OBJC_LITERAL_CONVERSION = YES;
				CLANG_WARN_OBJC_ROOT_CLASS = YES_ERROR;
				CLANG_WARN_QUOTED_INCLUDE_IN_FRAMEWORK_HEADER = YES;
				CLANG_WARN_RANGE_LOOP_ANALYSIS = YES;
				CLANG_WARN_STRICT_PROTOTYPES = YES;
				CLANG_WARN_SUSPICIOUS_MOVE = YES;
				CLANG_WARN_SUSPICIOUS_MOVES = YES;
				CLANG_WARN_UNREACHABLE_CODE = YES;
				CLANG_WARN__DUPLICATE_METHOD_MATCH = YES;
				CODE_SIGN_IDENTITY = "-";
				COPY_PHASE_STRIP = NO;
				CURRENT_PROJECT_VERSION = 1;
				DEBUG_INFORMATION_FORMAT = "dwarf-with-dsym";
				ENABLE_NS_ASSERTIONS = NO;
				ENABLE_STRICT_OBJC_MSGSEND = YES;
				GCC_C_LANGUAGE_STANDARD = gnu99;
				GCC_NO_COMMON_BLOCKS = YES;
				GCC_WARN_64_TO_32_BIT_CONVERSION = YES;
				GCC_WARN_ABOUT_RETURN_TYPE = YES_ERROR;
				GCC_WARN_UNDECLARED_SELECTOR = YES;
				GCC_WARN_UNINITIALIZED_AUTOS = YES_AGGRESSIVE;
				GCC_WARN_UNUSED_FUNCTION = YES;
				GCC_WARN_UNUSED_VARIABLE = YES;
				MACOSX_DEPLOYMENT_TARGET = 10.09;
				MTL_ENABLE_DEBUG_INFO = NO;
				SDKROOT = macosx;
				SWIFT_OPTIMIZATION_LEVEL = "-Owholemodule";
				VERSIONING_SYSTEM = "apple-generic";
				VERSION_INFO_PREFIX = "";
			};
			name = Release;
		};
		506C62461DB61366000E5C01 /* Debug */ = {
			isa = XCBuildConfiguration;
			buildSettings = {
				CLANG_ENABLE_MODULES = YES;
				CODE_SIGN_IDENTITY = "";
				COMBINE_HIDPI_IMAGES = YES;
				DEFINES_MODULE = YES;
				DYLIB_COMPATIBILITY_VERSION = 1;
				DYLIB_CURRENT_VERSION = 1;
				DYLIB_INSTALL_NAME_BASE = "@rpath";
				FRAMEWORK_VERSION = A;
				INFOPLIST_FILE = StringPadding/Info.plist;
				INSTALL_PATH = "$(LOCAL_LIBRARY_DIR)/Frameworks";
				LD_RUNPATH_SEARCH_PATHS = "$(inherited) @executable_path/../Frameworks @loader_path/Frameworks";
				PRODUCT_BUNDLE_IDENTIFIER = com.cleancocoa.StringPadding;
				PRODUCT_NAME = "$(TARGET_NAME)";
				SKIP_INSTALL = YES;
				SWIFT_OPTIMIZATION_LEVEL = "-Onone";
				SWIFT_VERSION = 5.0;
			};
			name = Debug;
		};
		506C62471DB61366000E5C01 /* Release */ = {
			isa = XCBuildConfiguration;
			buildSettings = {
				CLANG_ENABLE_MODULES = YES;
				CODE_SIGN_IDENTITY = "";
				COMBINE_HIDPI_IMAGES = YES;
				DEFINES_MODULE = YES;
				DYLIB_COMPATIBILITY_VERSION = 1;
				DYLIB_CURRENT_VERSION = 1;
				DYLIB_INSTALL_NAME_BASE = "@rpath";
				FRAMEWORK_VERSION = A;
				INFOPLIST_FILE = StringPadding/Info.plist;
				INSTALL_PATH = "$(LOCAL_LIBRARY_DIR)/Frameworks";
				LD_RUNPATH_SEARCH_PATHS = "$(inherited) @executable_path/../Frameworks @loader_path/Frameworks";
				PRODUCT_BUNDLE_IDENTIFIER = com.cleancocoa.StringPadding;
				PRODUCT_NAME = "$(TARGET_NAME)";
				SKIP_INSTALL = YES;
				SWIFT_VERSION = 5.0;
			};
			name = Release;
		};
		506C62491DB61366000E5C01 /* Debug */ = {
			isa = XCBuildConfiguration;
			buildSettings = {
				ALWAYS_EMBED_SWIFT_STANDARD_LIBRARIES = YES;
				CLANG_ENABLE_MODULES = YES;
				COMBINE_HIDPI_IMAGES = YES;
				INFOPLIST_FILE = StringPaddingTests/Info.plist;
				LD_RUNPATH_SEARCH_PATHS = "$(inherited) @executable_path/../Frameworks @loader_path/../Frameworks";
				PRODUCT_BUNDLE_IDENTIFIER = com.cleancocoa.StringPaddingTests;
				PRODUCT_NAME = "$(TARGET_NAME)";
				SWIFT_OPTIMIZATION_LEVEL = "-Onone";
				SWIFT_VERSION = 5.0;
			};
			name = Debug;
		};
		506C624A1DB61366000E5C01 /* Release */ = {
			isa = XCBuildConfiguration;
			buildSettings = {
				ALWAYS_EMBED_SWIFT_STANDARD_LIBRARIES = YES;
				CLANG_ENABLE_MODULES = YES;
				COMBINE_HIDPI_IMAGES = YES;
				INFOPLIST_FILE = StringPaddingTests/Info.plist;
				LD_RUNPATH_SEARCH_PATHS = "$(inherited) @executable_path/../Frameworks @loader_path/../Frameworks";
				PRODUCT_BUNDLE_IDENTIFIER = com.cleancocoa.StringPaddingTests;
				PRODUCT_NAME = "$(TARGET_NAME)";
				SWIFT_VERSION = 5.0;
			};
			name = Release;
		};
/* End XCBuildConfiguration section */

/* Begin XCConfigurationList section */
		506C622B1DB61366000E5C01 /* Build configuration list for PBXProject "StringPadding" */ = {
			isa = XCConfigurationList;
			buildConfigurations = (
				506C62431DB61366000E5C01 /* Debug */,
				506C62441DB61366000E5C01 /* Release */,
			);
			defaultConfigurationIsVisible = 0;
			defaultConfigurationName = Release;
		};
		506C62451DB61366000E5C01 /* Build configuration list for PBXNativeTarget "StringPadding" */ = {
			isa = XCConfigurationList;
			buildConfigurations = (
				506C62461DB61366000E5C01 /* Debug */,
				506C62471DB61366000E5C01 /* Release */,
			);
			defaultConfigurationIsVisible = 0;
			defaultConfigurationName = Release;
		};
		506C62481DB61366000E5C01 /* Build configuration list for PBXNativeTarget "StringPaddingTests" */ = {
			isa = XCConfigurationList;
			buildConfigurations = (
				506C62491DB61366000E5C01 /* Debug */,
				506C624A1DB61366000E5C01 /* Release */,
			);
			defaultConfigurationIsVisible = 0;
			defaultConfigurationName = Release;
		};
/* End XCConfigurationList section */
	};
	rootObject = 506C62281DB61366000E5C01 /* Project object */;
}
